Microsoft Visual Studio Solution File, Format Version 12.00
# Visual Studio Version 17
VisualStudioVersion = 17.5.2.0
MinimumVisualStudioVersion = 10.0.40219.1
Project("{2150E333-8FDC-42A3-9474-1A3956D46DE8}") = ".runtime", ".runtime", "{9806E655-34B8-E099-5B74-BCEF91294AB4}"
EndProject
Project("{FAE04EC0-301F-11D3-BF4B-00C04F79EFBC}") = "sql-runner", ".runtime\sql-runner\sql-runner.csproj", "{9F69412E-E780-909E-67B4-FF58225FDEA0}"
EndProject
Global
	GlobalSection(SolutionConfigurationPlatforms) = preSolution
		Debug|Any CPU = Debug|Any CPU
		Release|Any CPU = Release|Any CPU
	EndGlobalSection
	GlobalSection(ProjectConfigurationPlatforms) = postSolution
		{9F69412E-E780-909E-67B4-FF58225FDEA0}.Debug|Any CPU.ActiveCfg = Debug|Any CPU
		{9F69412E-E780-909E-67B4-FF58225FDEA0}.Debug|Any CPU.Build.0 = Debug|Any CPU
		{9F69412E-E780-909E-67B4-FF58225FDEA0}.Release|Any CPU.ActiveCfg = Release|Any CPU
		{9F69412E-E780-909E-67B4-FF58225FDEA0}.Release|Any CPU.Build.0 = Release|Any CPU
	EndGlobalSection
	GlobalSection(SolutionProperties) = preSolution
		HideSolutionNode = FALSE
	EndGlobalSection
	GlobalSection(NestedProjects) = preSolution
		{9F69412E-E780-909E-67B4-FF58225FDEA0} = {9806E655-34B8-E099-5B74-BCEF91294AB4}
	EndGlobalSection
	GlobalSection(ExtensibilityGlobals) = postSolution
		SolutionGuid = {AC333570-68C6-4F98-8530-32350ED9B306}
	EndGlobalSection
EndGlobal
